# THIS IS AN AUTOGENERATED FILE. DO NOT EDIT THIS FILE DIRECTLY.
# yarn lockfile v1


"@types/commander@^2.12.2":
  version "2.12.2"
  resolved "https://registry.yarnpkg.com/@types/commander/-/commander-2.12.2.tgz#183041a23842d4281478fa5d23c5ca78e6fd08ae"
  dependencies:
    commander "*"

"@types/js-yaml@^3.11.1":
  version "3.11.1"
  resolved "https://registry.yarnpkg.com/@types/js-yaml/-/js-yaml-3.11.1.tgz#ac5bab26be5f9c6f74b6b23420f2cfa5a7a6ba40"

"@types/markdown-it@0.0.4":
  version "0.0.4"
  resolved "https://registry.yarnpkg.com/@types/markdown-it/-/markdown-it-0.0.4.tgz#c5f67365916044b342dae8d702724788ba0b5b74"

"@types/mkdirp@^0.5.2":
  version "0.5.2"
  resolved "https://registry.yarnpkg.com/@types/mkdirp/-/mkdirp-0.5.2.tgz#503aacfe5cc2703d5484326b1b27efa67a339c1f"
  integrity sha512-U5icWpv7YnZYGsN4/cmh3WD2onMY0aJIiTE6+51TwJCttdHvtCYmkBNOobHlXwrJRL0nkH9jH4kD+1FAdMN4Tg==
  dependencies:
    "@types/node" "*"

"@types/node@*":
  version "12.6.8"
  resolved "https://registry.yarnpkg.com/@types/node/-/node-12.6.8.tgz#e469b4bf9d1c9832aee4907ba8a051494357c12c"
  integrity sha512-aX+gFgA5GHcDi89KG5keey2zf0WfZk/HAQotEamsK2kbey+8yGKcson0hbK8E+v0NArlCJQCqMP161YhV6ZXLg==

ansi-red@^0.1.1:
  version "0.1.1"
  resolved "https://registry.yarnpkg.com/ansi-red/-/ansi-red-0.1.1.tgz#8c638f9d1080800a353c9c28c8a81ca4705d946c"
  dependencies:
    ansi-wrap "0.1.0"

ansi-wrap@0.1.0:
  version "0.1.0"
  resolved "https://registry.yarnpkg.com/ansi-wrap/-/ansi-wrap-0.1.0.tgz#a82250ddb0015e9a27ca82e82ea603bbfa45efaf"

argparse@^1.0.7:
  version "1.0.10"
  resolved "https://registry.yarnpkg.com/argparse/-/argparse-1.0.10.tgz#bcd6791ea5ae09725e17e5ad988134cd40b3d911"
  dependencies:
    sprintf-js "~1.0.2"

argparse@~0.1.15:
  version "0.1.16"
  resolved "https://registry.yarnpkg.com/argparse/-/argparse-0.1.16.tgz#cfd01e0fbba3d6caed049fbd758d40f65196f57c"
  dependencies:
    underscore "~1.7.0"
    underscore.string "~2.4.0"

autolinker@~0.15.0:
  version "0.15.3"
  resolved "https://registry.yarnpkg.com/autolinker/-/autolinker-0.15.3.tgz#342417d8f2f3461b14cf09088d5edf8791dc9832"

buffer-from@^1.0.0:
  version "1.0.0"
  resolved "https://registry.yarnpkg.com/buffer-from/-/buffer-from-1.0.0.tgz#4cb8832d23612589b0406e9e2956c17f06fdf531"

coffee-script@^1.12.4:
  version "1.12.7"
  resolved "https://registry.yarnpkg.com/coffee-script/-/coffee-script-1.12.7.tgz#c05dae0cb79591d05b3070a8433a98c9a89ccc53"

commander@*, commander@^2.15.1:
  version "2.15.1"
  resolved "https://registry.yarnpkg.com/commander/-/commander-2.15.1.tgz#df46e867d0fc2aec66a34662b406a9ccafff5b0f"

concat-stream@^1.5.2:
  version "1.6.2"
  resolved "https://registry.yarnpkg.com/concat-stream/-/concat-stream-1.6.2.tgz#904bdf194cd3122fc675c77fc4ac3d4ff0fd1a34"
  dependencies:
    buffer-from "^1.0.0"
    inherits "^2.0.3"
    readable-stream "^2.2.2"
    typedarray "^0.0.6"

core-util-is@~1.0.0:
  version "1.0.2"
  resolved "https://registry.yarnpkg.com/core-util-is/-/core-util-is-1.0.2.tgz#b5fd54220aa2bc5ab57aab7140c940754503c1a7"

diacritics-map@^0.1.0:
  version "0.1.0"
  resolved "https://registry.yarnpkg.com/diacritics-map/-/diacritics-map-0.1.0.tgz#6dfc0ff9d01000a2edf2865371cac316e94977af"

entities@~1.1.1:
  version "1.1.1"
  resolved "https://registry.yarnpkg.com/entities/-/entities-1.1.1.tgz#6e5c2d0a5621b5dadaecef80b90edfb5cd7772f0"

esprima@^4.0.0:
  version "4.0.0"
  resolved "https://registry.yarnpkg.com/esprima/-/esprima-4.0.0.tgz#4499eddcd1110e0b218bacf2fa7f7f59f55ca804"

expand-range@^1.8.1:
  version "1.8.2"
  resolved "https://registry.yarnpkg.com/expand-range/-/expand-range-1.8.2.tgz#a299effd335fe2721ebae8e257ec79644fc85337"
  dependencies:
    fill-range "^2.1.0"

extend-shallow@^2.0.1:
  version "2.0.1"
  resolved "https://registry.yarnpkg.com/extend-shallow/-/extend-shallow-2.0.1.tgz#51af7d614ad9a9f610ea1bafbb989d6b1c56890f"
  dependencies:
    is-extendable "^0.1.0"

fill-range@^2.1.0:
  version "2.2.3"
  resolved "https://registry.yarnpkg.com/fill-range/-/fill-range-2.2.3.tgz#50b77dfd7e469bc7492470963699fe7a8485a723"
  dependencies:
    is-number "^2.1.0"
    isobject "^2.0.0"
    randomatic "^1.1.3"
    repeat-element "^1.1.2"
    repeat-string "^1.5.2"

for-in@^1.0.2:
  version "1.0.2"
  resolved "https://registry.yarnpkg.com/for-in/-/for-in-1.0.2.tgz#81068d295a8142ec0ac726c6e2200c30fb6d5e80"

gray-matter@^2.1.0:
  version "2.1.1"
  resolved "https://registry.yarnpkg.com/gray-matter/-/gray-matter-2.1.1.tgz#3042d9adec2a1ded6a7707a9ed2380f8a17a430e"
  dependencies:
    ansi-red "^0.1.1"
    coffee-script "^1.12.4"
    extend-shallow "^2.0.1"
    js-yaml "^3.8.1"
    toml "^2.3.2"

inherits@^2.0.3, inherits@~2.0.3:
  version "2.0.3"
  resolved "https://registry.yarnpkg.com/inherits/-/inherits-2.0.3.tgz#633c2c83e3da42a502f52466022480f4208261de"

is-buffer@^1.1.5:
  version "1.1.6"
  resolved "https://registry.yarnpkg.com/is-buffer/-/is-buffer-1.1.6.tgz#efaa2ea9daa0d7ab2ea13a97b2b8ad51fefbe8be"

is-extendable@^0.1.0:
  version "0.1.1"
  resolved "https://registry.yarnpkg.com/is-extendable/-/is-extendable-0.1.1.tgz#62b110e289a471418e3ec36a617d472e301dfc89"

is-extendable@^1.0.1:
  version "1.0.1"
  resolved "https://registry.yarnpkg.com/is-extendable/-/is-extendable-1.0.1.tgz#a7470f9e426733d81bd81e1155264e3a3507cab4"
  dependencies:
    is-plain-object "^2.0.4"

is-number@^2.1.0:
  version "2.1.0"
  resolved "https://registry.yarnpkg.com/is-number/-/is-number-2.1.0.tgz#01fcbbb393463a548f2f466cce16dece49db908f"
  dependencies:
    kind-of "^3.0.2"

is-number@^3.0.0:
  version "3.0.0"
  resolved "https://registry.yarnpkg.com/is-number/-/is-number-3.0.0.tgz#24fd6201a4782cf50561c810276afc7d12d71195"
  dependencies:
    kind-of "^3.0.2"

is-plain-object@^2.0.4:
  version "2.0.4"
  resolved "https://registry.yarnpkg.com/is-plain-object/-/is-plain-object-2.0.4.tgz#2c163b3fafb1b606d9d17928f05c2a1c38e07677"
  dependencies:
    isobject "^3.0.1"

isarray@1.0.0, isarray@~1.0.0:
  version "1.0.0"
  resolved "https://registry.yarnpkg.com/isarray/-/isarray-1.0.0.tgz#bb935d48582cba168c06834957a54a3e07124f11"

isobject@^2.0.0:
  version "2.1.0"
  resolved "https://registry.yarnpkg.com/isobject/-/isobject-2.1.0.tgz#f065561096a3f1da2ef46272f815c840d87e0c89"
  dependencies:
    isarray "1.0.0"

isobject@^3.0.1:
  version "3.0.1"
  resolved "https://registry.yarnpkg.com/isobject/-/isobject-3.0.1.tgz#4e431e92b11a9731636aa1f9c8d1ccbcfdab78df"

js-yaml@^3.11.0, js-yaml@^3.8.1:
  version "3.11.0"
  resolved "https://registry.yarnpkg.com/js-yaml/-/js-yaml-3.11.0.tgz#597c1a8bd57152f26d622ce4117851a51f5ebaef"
  dependencies:
    argparse "^1.0.7"
    esprima "^4.0.0"

kind-of@^3.0.2:
  version "3.2.2"
  resolved "https://registry.yarnpkg.com/kind-of/-/kind-of-3.2.2.tgz#31ea21a734bab9bbb0f32466d893aea51e4a3c64"
  dependencies:
    is-buffer "^1.1.5"

kind-of@^4.0.0:
  version "4.0.0"
  resolved "https://registry.yarnpkg.com/kind-of/-/kind-of-4.0.0.tgz#20813df3d712928b207378691a45066fae72dd57"
  dependencies:
    is-buffer "^1.1.5"

lazy-cache@^2.0.2:
  version "2.0.2"
  resolved "https://registry.yarnpkg.com/lazy-cache/-/lazy-cache-2.0.2.tgz#b9190a4f913354694840859f8a8f7084d8822264"
  dependencies:
    set-getter "^0.1.0"

linkify-it@^2.0.0:
  version "2.0.3"
  resolved "https://registry.yarnpkg.com/linkify-it/-/linkify-it-2.0.3.tgz#d94a4648f9b1c179d64fa97291268bdb6ce9434f"
  dependencies:
    uc.micro "^1.0.1"

list-item@^1.1.1:
  version "1.1.1"
  resolved "https://registry.yarnpkg.com/list-item/-/list-item-1.1.1.tgz#0c65d00e287cb663ccb3cb3849a77e89ec268a56"
  dependencies:
    expand-range "^1.8.1"
    extend-shallow "^2.0.1"
    is-number "^2.1.0"
    repeat-string "^1.5.2"

markdown-it@^8.4.1:
  version "8.4.1"
  resolved "https://registry.yarnpkg.com/markdown-it/-/markdown-it-8.4.1.tgz#206fe59b0e4e1b78a7c73250af9b34a4ad0aaf44"
  dependencies:
    argparse "^1.0.7"
    entities "~1.1.1"
    linkify-it "^2.0.0"
    mdurl "^1.0.1"
    uc.micro "^1.0.5"

markdown-link@^0.1.1:
  version "0.1.1"
  resolved "https://registry.yarnpkg.com/markdown-link/-/markdown-link-0.1.1.tgz#32c5c65199a6457316322d1e4229d13407c8c7cf"

markdown-toc@^1.2.0:
  version "1.2.0"
  resolved "https://registry.yarnpkg.com/markdown-toc/-/markdown-toc-1.2.0.tgz#44a15606844490314afc0444483f9e7b1122c339"
  dependencies:
    concat-stream "^1.5.2"
    diacritics-map "^0.1.0"
    gray-matter "^2.1.0"
    lazy-cache "^2.0.2"
    list-item "^1.1.1"
    markdown-link "^0.1.1"
    minimist "^1.2.0"
    mixin-deep "^1.1.3"
    object.pick "^1.2.0"
    remarkable "^1.7.1"
    repeat-string "^1.6.1"
    strip-color "^0.1.0"

mdurl@^1.0.1:
  version "1.0.1"
  resolved "https://registry.yarnpkg.com/mdurl/-/mdurl-1.0.1.tgz#fe85b2ec75a59037f2adfec100fd6c601761152e"

minimist@0.0.8:
  version "0.0.8"
  resolved "https://registry.yarnpkg.com/minimist/-/minimist-0.0.8.tgz#857fcabfc3397d2625b8228262e86aa7a011b05d"
  integrity sha1-hX/Kv8M5fSYluCKCYuhqp6ARsF0=

minimist@^1.2.0:
  version "1.2.0"
  resolved "https://registry.yarnpkg.com/minimist/-/minimist-1.2.0.tgz#a35008b20f41383eec1fb914f4cd5df79a264284"

mixin-deep@^1.1.3:
  version "1.3.1"
  resolved "https://registry.yarnpkg.com/mixin-deep/-/mixin-deep-1.3.1.tgz#a49e7268dce1a0d9698e45326c5626df3543d0fe"
  dependencies:
    for-in "^1.0.2"
    is-extendable "^1.0.1"

mkdirp@^0.5.1:
  version "0.5.1"
  resolved "https://registry.yarnpkg.com/mkdirp/-/mkdirp-0.5.1.tgz#30057438eac6cf7f8c4767f38648d6697d75c903"
  integrity sha1-MAV0OOrGz3+MR2fzhkjWaX11yQM=
  dependencies:
    minimist "0.0.8"

object.pick@^1.2.0:
  version "1.3.0"
  resolved "https://registry.yarnpkg.com/object.pick/-/object.pick-1.3.0.tgz#87a10ac4c1694bd2e1cbf53591a66141fb5dd747"
  dependencies:
    isobject "^3.0.1"

process-nextick-args@~2.0.0:
  version "2.0.0"
  resolved "https://registry.yarnpkg.com/process-nextick-args/-/process-nextick-args-2.0.0.tgz#a37d732f4271b4ab1ad070d35508e8290788ffaa"

randomatic@^1.1.3:
  version "1.1.7"
  resolved "https://registry.yarnpkg.com/randomatic/-/randomatic-1.1.7.tgz#c7abe9cc8b87c0baa876b19fde83fd464797e38c"
  dependencies:
    is-number "^3.0.0"
    kind-of "^4.0.0"

readable-stream@^2.2.2:
  version "2.3.6"
  resolved "https://registry.yarnpkg.com/readable-stream/-/readable-stream-2.3.6.tgz#b11c27d88b8ff1fbe070643cf94b0c79ae1b0aaf"
  dependencies:
    core-util-is "~1.0.0"
    inherits "~2.0.3"
    isarray "~1.0.0"
    process-nextick-args "~2.0.0"
    safe-buffer "~5.1.1"
    string_decoder "~1.1.1"
    util-deprecate "~1.0.1"

remarkable@^1.7.1:
  version "1.7.1"
  resolved "https://registry.yarnpkg.com/remarkable/-/remarkable-1.7.1.tgz#aaca4972100b66a642a63a1021ca4bac1be3bff6"
  dependencies:
    argparse "~0.1.15"
    autolinker "~0.15.0"

repeat-element@^1.1.2:
  version "1.1.2"
  resolved "https://registry.yarnpkg.com/repeat-element/-/repeat-element-1.1.2.tgz#ef089a178d1483baae4d93eb98b4f9e4e11d990a"

repeat-string@^1.5.2, repeat-string@^1.6.1:
  version "1.6.1"
  resolved "https://registry.yarnpkg.com/repeat-string/-/repeat-string-1.6.1.tgz#8dcae470e1c88abc2d600fff4a776286da75e637"

safe-buffer@~5.1.0, safe-buffer@~5.1.1:
  version "5.1.2"
  resolved "https://registry.yarnpkg.com/safe-buffer/-/safe-buffer-5.1.2.tgz#991ec69d296e0313747d59bdfd2b745c35f8828d"

set-getter@^0.1.0:
  version "0.1.0"
  resolved "https://registry.yarnpkg.com/set-getter/-/set-getter-0.1.0.tgz#d769c182c9d5a51f409145f2fba82e5e86e80376"
  dependencies:
    to-object-path "^0.3.0"

sprintf-js@~1.0.2:
  version "1.0.3"
  resolved "https://registry.yarnpkg.com/sprintf-js/-/sprintf-js-1.0.3.tgz#04e6926f662895354f3dd015203633b857297e2c"

string_decoder@~1.1.1:
  version "1.1.1"
  resolved "https://registry.yarnpkg.com/string_decoder/-/string_decoder-1.1.1.tgz#9cf1611ba62685d7030ae9e4ba34149c3af03fc8"
  dependencies:
    safe-buffer "~5.1.0"

strip-color@^0.1.0:
  version "0.1.0"
  resolved "https://registry.yarnpkg.com/strip-color/-/strip-color-0.1.0.tgz#106f65d3d3e6a2d9401cac0eb0ce8b8a702b4f7b"

to-object-path@^0.3.0:
  version "0.3.0"
  resolved "https://registry.yarnpkg.com/to-object-path/-/to-object-path-0.3.0.tgz#297588b7b0e7e0ac08e04e672f85c1f4999e17af"
  dependencies:
    kind-of "^3.0.2"

toml@^2.3.2:
  version "2.3.3"
  resolved "https://registry.yarnpkg.com/toml/-/toml-2.3.3.tgz#8d683d729577cb286231dfc7a8affe58d31728fb"

typedarray@^0.0.6:
  version "0.0.6"
  resolved "https://registry.yarnpkg.com/typedarray/-/typedarray-0.0.6.tgz#867ac74e3864187b1d3d47d996a78ec5c8830777"

uc.micro@^1.0.1, uc.micro@^1.0.5:
  version "1.0.5"
  resolved "https://registry.yarnpkg.com/uc.micro/-/uc.micro-1.0.5.tgz#0c65f15f815aa08b560a61ce8b4db7ffc3f45376"

underscore.string@~2.4.0:
  version "2.4.0"
  resolved "https://registry.yarnpkg.com/underscore.string/-/underscore.string-2.4.0.tgz#8cdd8fbac4e2d2ea1e7e2e8097c42f442280f85b"

underscore@~1.7.0:
  version "1.7.0"
  resolved "https://registry.yarnpkg.com/underscore/-/underscore-1.7.0.tgz#6bbaf0877500d36be34ecaa584e0db9fef035209"

util-deprecate@~1.0.1:
  version "1.0.2"
  resolved "https://registry.yarnpkg.com/util-deprecate/-/util-deprecate-1.0.2.tgz#450d4dc9fa70de732762fbd2d4a28981419a0ccf"
